
Microsoft Visual Studio Solution File, Format Version 12.00
# Visual Studio 14
VisualStudioVersion = 14.0.25420.1
MinimumVisualStudioVersion = 10.0.40219.1
Project("{FAE04EC0-301F-11D3-BF4B-00C04F79EFBC}") = "Cap09_Console_Files_TestePratico", "Cap09_Console_Files_TestePratico\Cap09_Console_Files_TestePratico.csproj", "{8DB6D1E8-9750-4B76-86E0-0E5F4BAE098B}"
EndProject
Global
	GlobalSection(SolutionConfigurationPlatforms) = preSolution
		Debug|Any CPU = Debug|Any CPU
		Release|Any CPU = Release|Any CPU
	EndGlobalSection
	GlobalSection(ProjectConfigurationPlatforms) = postSolution
		{8DB6D1E8-9750-4B76-86E0-0E5F4BAE098B}.Debug|Any CPU.ActiveCfg = Debug|Any CPU
		{8DB6D1E8-9750-4B76-86E0-0E5F4BAE098B}.Debug|Any CPU.Build.0 = Debug|Any CPU
		{8DB6D1E8-9750-4B76-86E0-0E5F4BAE098B}.Release|Any CPU.ActiveCfg = Release|Any CPU
		{8DB6D1E8-9750-4B76-86E0-0E5F4BAE098B}.Release|Any CPU.Build.0 = Release|Any CPU
	EndGlobalSection
	GlobalSection(SolutionProperties) = preSolution
		HideSolutionNode = FALSE
	EndGlobalSection
EndGlobal
